// !$*UTF8*$!
{
	archiveVersion = 1;
	classes = {
	};
	objectVersion = 50;
	objects = {

/* Begin PBXBuildFile section */
		F21B0A5A25FB9EE000C55A37 /* AppDelegate.swift in Sources */ = {isa = PBXBuildFile; fileRef = F21B0A5925FB9EE000C55A37 /* AppDelegate.swift */; };
		F21B0A5C25FB9EE000C55A37 /* SceneDelegate.swift in Sources */ = {isa = PBXBuildFile; fileRef = F21B0A5B25FB9EE000C55A37 /* SceneDelegate.swift */; };
		F21B0A6125FB9EE000C55A37 /* Main.storyboard in Resources */ = {isa = PBXBuildFile; fileRef = F21B0A5F25FB9EE000C55A37 /* Main.storyboard */; };
		F21B0A6325FB9EE200C55A37 /* Assets.xcassets in Resources */ = {isa = PBXBuildFile; fileRef = F21B0A6225FB9EE200C55A37 /* Assets.xcassets */; };
		F21B0A6625FB9EE200C55A37 /* LaunchScreen.storyboard in Resources */ = {isa = PBXBuildFile; fileRef = F21B0A6425FB9EE200C55A37 /* LaunchScreen.storyboard */; };
		F21B0A7025FBA80C00C55A37 /* AlarmsVC.swift in Sources */ = {isa = PBXBuildFile; fileRef = F21B0A6F25FBA80C00C55A37 /* AlarmsVC.swift */; };
		F21B0A8025FBACF600C55A37 /* CustomCell.swift in Sources */ = {isa = PBXBuildFile; fileRef = F21B0A7F25FBACF600C55A37 /* CustomCell.swift */; };
		F21B0A8725FBAE0800C55A37 /* Main.swift in Sources */ = {isa = PBXBuildFile; fileRef = F21B0A8625FBAE0800C55A37 /* Main.swift */; };
		F21B0A8A25FBB67700C55A37 /* EditAlarmVC.swift in Sources */ = {isa = PBXBuildFile; fileRef = F21B0A8925FBB67700C55A37 /* EditAlarmVC.swift */; };
		F21B0A8D25FBC47900C55A37 /* AddAlarmVC.swift in Sources */ = {isa = PBXBuildFile; fileRef = F21B0A8C25FBC47900C55A37 /* AddAlarmVC.swift */; };
		F21B0A9125FBC52400C55A37 /* Protocols.swift in Sources */ = {isa = PBXBuildFile; fileRef = F21B0A9025FBC52400C55A37 /* Protocols.swift */; };
/* End PBXBuildFile section */

/* Begin PBXFileReference section */
		F21B0A5625FB9EE000C55A37 /* AlarmApp.app */ = {isa = PBXFileReference; explicitFileType = wrapper.application; includeInIndex = 0; path = AlarmApp.app; sourceTree = BUILT_PRODUCTS_DIR; };
		F21B0A5925FB9EE000C55A37 /* AppDelegate.swift */ = {isa = PBXFileReference; lastKnownFileType = sourcecode.swift; path = AppDelegate.swift; sourceTree = "<group>"; };
		F21B0A5B25FB9EE000C55A37 /* SceneDelegate.swift */ = {isa = PBXFileReference; lastKnownFileType = sourcecode.swift; path = SceneDelegate.swift; sourceTree = "<group>"; };
		F21B0A6025FB9EE000C55A37 /* Base */ = {isa = PBXFileReference; lastKnownFileType = file.storyboard; name = Base; path = Base.lproj/Main.storyboard; sourceTree = "<group>"; };
		F21B0A6225FB9EE200C55A37 /* Assets.xcassets */ = {isa = PBXFileReference; lastKnownFileType = folder.assetcatalog; path = Assets.xcassets; sourceTree = "<group>"; };
		F21B0A6525FB9EE200C55A37 /* Base */ = {isa = PBXFileReference; lastKnownFileType = file.storyboard; name = Base; path = Base.lproj/LaunchScreen.storyboard; sourceTree = "<group>"; };
		F21B0A6725FB9EE200C55A37 /* Info.plist */ = {isa = PBXFileReference; lastKnownFileType = text.plist.xml; path = Info.plist; sourceTree = "<group>"; };
		F21B0A6F25FBA80C00C55A37 /* AlarmsVC.swift */ = {isa = PBXFileReference; lastKnownFileType = sourcecode.swift; path = AlarmsVC.swift; sourceTree = "<group>"; };
		F21B0A7F25FBACF600C55A37 /* CustomCell.swift */ = {isa = PBXFileReference; lastKnownFileType = sourcecode.swift; path = CustomCell.swift; sourceTree = "<group>"; };
		F21B0A8625FBAE0800C55A37 /* Main.swift */ = {isa = PBXFileReference; lastKnownFileType = sourcecode.swift; path = Main.swift; sourceTree = "<group>"; };
		F21B0A8925FBB67700C55A37 /* EditAlarmVC.swift */ = {isa = PBXFileReference; lastKnownFileType = sourcecode.swift; path = EditAlarmVC.swift; sourceTree = "<group>"; };
		F21B0A8C25FBC47900C55A37 /* AddAlarmVC.swift */ = {isa = PBXFileReference; lastKnownFileType = sourcecode.swift; path = AddAlarmVC.swift; sourceTree = "<group>"; };
		F21B0A9025FBC52400C55A37 /* Protocols.swift */ = {isa = PBXFileReference; lastKnownFileType = sourcecode.swift; path = Protocols.swift; sourceTree = "<group>"; };
/* End PBXFileReference section */

/* Begin PBXFrameworksBuildPhase section */
		F21B0A5325FB9EE000C55A37 /* Frameworks */ = {
			isa = PBXFrameworksBuildPhase;
			buildActionMask = 2147483647;
			files = (
			);
			runOnlyForDeploymentPostprocessing = 0;
		};
/* End PBXFrameworksBuildPhase section */

/* Begin PBXGroup section */
		F21B0A4D25FB9EE000C55A37 = {
			isa = PBXGroup;
			children = (
				F21B0A5825FB9EE000C55A37 /* AlarmApp */,
				F21B0A5725FB9EE000C55A37 /* Products */,
			);
			sourceTree = "<group>";
		};
		F21B0A5725FB9EE000C55A37 /* Products */ = {
			isa = PBXGroup;
			children = (
				F21B0A5625FB9EE000C55A37 /* AlarmApp.app */,
			);
			name = Products;
			sourceTree = "<group>";
		};
		F21B0A5825FB9EE000C55A37 /* AlarmApp */ = {
			isa = PBXGroup;
			children = (
				F21B0A9725FBD62D00C55A37 /* other */,
				F21B0A9425FBC90F00C55A37 /* ViewControllers */,
				F21B0A8F25FBC4FE00C55A37 /* Protocols and Cell */,
				F21B0A5F25FB9EE000C55A37 /* Main.storyboard */,
				F21B0A6225FB9EE200C55A37 /* Assets.xcassets */,
				F21B0A6425FB9EE200C55A37 /* LaunchScreen.storyboard */,
				F21B0A8625FBAE0800C55A37 /* Main.swift */,
				F21B0A6725FB9EE200C55A37 /* Info.plist */,
			);
			path = AlarmApp;
			sourceTree = "<group>";
		};
		F21B0A8F25FBC4FE00C55A37 /* Protocols and Cell */ = {
			isa = PBXGroup;
			children = (
				F21B0A7F25FBACF600C55A37 /* CustomCell.swift */,
				F21B0A9025FBC52400C55A37 /* Protocols.swift */,
			);
			path = "Protocols and Cell";
			sourceTree = "<group>";
		};
		F21B0A9425FBC90F00C55A37 /* ViewControllers */ = {
			isa = PBXGroup;
			children = (
				F21B0A6F25FBA80C00C55A37 /* AlarmsVC.swift */,
				F21B0A8925FBB67700C55A37 /* EditAlarmVC.swift */,
				F21B0A8C25FBC47900C55A37 /* AddAlarmVC.swift */,
			);
			path = ViewControllers;
			sourceTree = "<group>";
		};
		F21B0A9725FBD62D00C55A37 /* other */ = {
			isa = PBXGroup;
			children = (
				F21B0A5B25FB9EE000C55A37 /* SceneDelegate.swift */,
				F21B0A5925FB9EE000C55A37 /* AppDelegate.swift */,
			);
			path = other;
			sourceTree = "<group>";
		};
/* End PBXGroup section */

/* Begin PBXNativeTarget section */
		F21B0A5525FB9EE000C55A37 /* AlarmApp */ = {
			isa = PBXNativeTarget;
			buildConfigurationList = F21B0A6A25FB9EE200C55A37 /* Build configuration list for PBXNativeTarget "AlarmApp" */;
			buildPhases = (
				F21B0A5225FB9EE000C55A37 /* Sources */,
				F21B0A5325FB9EE000C55A37 /* Frameworks */,
				F21B0A5425FB9EE000C55A37 /* Resources */,
			);
			buildRules = (
			);
			dependencies = (
			);
			name = AlarmApp;
			productName = AlarmApp;
			productReference = F21B0A5625FB9EE000C55A37 /* AlarmApp.app */;
			productType = "com.apple.product-type.application";
		};
/* End PBXNativeTarget section */

/* Begin PBXProject section */
		F21B0A4E25FB9EE000C55A37 /* Project object */ = {
			isa = PBXProject;
			attributes = {
				LastSwiftUpdateCheck = 1240;
				LastUpgradeCheck = 1240;
				TargetAttributes = {
					F21B0A5525FB9EE000C55A37 = {
						CreatedOnToolsVersion = 12.4;
					};
				};
			};
			buildConfigurationList = F21B0A5125FB9EE000C55A37 /* Build configuration list for PBXProject "AlarmApp" */;
			compatibilityVersion = "Xcode 9.3";
			developmentRegion = en;
			hasScannedForEncodings = 0;
			knownRegions = (
				en,
				Base,
			);
			mainGroup = F21B0A4D25FB9EE000C55A37;
			productRefGroup = F21B0A5725FB9EE000C55A37 /* Products */;
			projectDirPath = "";
			projectRoot = "";
			targets = (
				F21B0A5525FB9EE000C55A37 /* AlarmApp */,
			);
		};
/* End PBXProject section */

/* Begin PBXResourcesBuildPhase section */
		F21B0A5425FB9EE000C55A37 /* Resources */ = {
			isa = PBXResourcesBuildPhase;
			buildActionMask = 2147483647;
			files = (
				F21B0A6625FB9EE200C55A37 /* LaunchScreen.storyboard in Resources */,
				F21B0A6325FB9EE200C55A37 /* Assets.xcassets in Resources */,
				F21B0A6125FB9EE000C55A37 /* Main.storyboard in Resources */,
			);
			runOnlyForDeploymentPostprocessing = 0;
		};
/* End PBXResourcesBuildPhase section */

/* Begin PBXSourcesBuildPhase section */
		F21B0A5225FB9EE000C55A37 /* Sources */ = {
			isa = PBXSourcesBuildPhase;
			buildActionMask = 2147483647;
			files = (
				F21B0A8725FBAE0800C55A37 /* Main.swift in Sources */,
				F21B0A5A25FB9EE000C55A37 /* AppDelegate.swift in Sources */,
				F21B0A8A25FBB67700C55A37 /* EditAlarmVC.swift in Sources */,
				F21B0A7025FBA80C00C55A37 /* AlarmsVC.swift in Sources */,
				F21B0A8025FBACF600C55A37 /* CustomCell.swift in Sources */,
				F21B0A8D25FBC47900C55A37 /* AddAlarmVC.swift in Sources */,
				F21B0A5C25FB9EE000C55A37 /* SceneDelegate.swift in Sources */,
				F21B0A9125FBC52400C55A37 /* Protocols.swift in Sources */,
			);
			runOnlyForDeploymentPostprocessing = 0;
		};
/* End PBXSourcesBuildPhase section */

/* Begin PBXVariantGroup section */
		F21B0A5F25FB9EE000C55A37 /* Main.storyboard */ = {
			isa = PBXVariantGroup;
			children = (
				F21B0A6025FB9EE000C55A37 /* Base */,
			);
			name = Main.storyboard;
			sourceTree = "<group>";
		};
		F21B0A6425FB9EE200C55A37 /* LaunchScreen.storyboard */ = {
			isa = PBXVariantGroup;
			children = (
				F21B0A6525FB9EE200C55A37 /* Base */,
			);
			name = LaunchScreen.storyboard;
			sourceTree = "<group>";
		};
/* End PBXVariantGroup section */

/* Begin XCBuildConfiguration section */
		F21B0A6825FB9EE200C55A37 /* Debug */ = {
			isa = XCBuildConfiguration;
			buildSettings = {
				ALWAYS_SEARCH_USER_PATHS = NO;
				CLANG_ANALYZER_NONNULL = YES;
				CLANG_ANALYZER_NUMBER_OBJECT_CONVERSION = YES_AGGRESSIVE;
				CLANG_CXX_LANGUAGE_STANDARD = "gnu++14";
				CLANG_CXX_LIBRARY = "libc++";
				CLANG_ENABLE_MODULES = YES;
				CLANG_ENABLE_OBJC_ARC = YES;
				CLANG_ENABLE_OBJC_WEAK = YES;
				CLANG_WARN_BLOCK_CAPTURE_AUTORELEASING = YES;
				CLANG_WARN_BOOL_CONVERSION = YES;
				CLANG_WARN_COMMA = YES;
				CLANG_WARN_CONSTANT_CONVERSION = YES;
				CLANG_WARN_DEPRECATED_OBJC_IMPLEMENTATIONS = YES;
				CLANG_WARN_DIRECT_OBJC_ISA_USAGE = YES_ERROR;
				CLANG_WARN_DOCUMENTATION_COMMENTS = YES;
				CLANG_WARN_EMPTY_BODY = YES;
				CLANG_WARN_ENUM_CONVERSION = YES;
				CLANG_WARN_INFINITE_RECURSION = YES;
				CLANG_WARN_INT_CONVERSION = YES;
				CLANG_WARN_NON_LITERAL_NULL_CONVERSION = YES;
				CLANG_WARN_OBJC_IMPLICIT_RETAIN_SELF = YES;
				CLANG_WARN_OBJC_LITERAL_CONVERSION = YES;
				CLANG_WARN_OBJC_ROOT_CLASS = YES_ERROR;
				CLANG_WARN_QUOTED_INCLUDE_IN_FRAMEWORK_HEADER = YES;
				CLANG_WARN_RANGE_LOOP_ANALYSIS = YES;
				CLANG_WARN_STRICT_PROTOTYPES = YES;
				CLANG_WARN_SUSPICIOUS_MOVE = YES;
				CLANG_WARN_UNGUARDED_AVAILABILITY = YES_AGGRESSIVE;
				CLANG_WARN_UNREACHABLE_CODE = YES;
				CLANG_WARN__DUPLICATE_METHOD_MATCH = YES;
				COPY_PHASE_STRIP = NO;
				DEBUG_INFORMATION_FORMAT = dwarf;
				ENABLE_STRICT_OBJC_MSGSEND = YES;
				ENABLE_TESTABILITY = YES;
				GCC_C_LANGUAGE_STANDARD = gnu11;
				GCC_DYNAMIC_NO_PIC = NO;
				GCC_NO_COMMON_BLOCKS = YES;
				GCC_OPTIMIZATION_LEVEL = 0;
				GCC_PREPROCESSOR_DEFINITIONS = (
					"DEBUG=1",
					"$(inherited)",
				);
				GCC_WARN_64_TO_32_BIT_CONVERSION = YES;
				GCC_WARN_ABOUT_RETURN_TYPE = YES_ERROR;
				GCC_WARN_UNDECLARED_SELECTOR = YES;
				GCC_WARN_UNINITIALIZED_AUTOS = YES_AGGRESSIVE;
				GCC_WARN_UNUSED_FUNCTION = YES;
				GCC_WARN_UNUSED_VARIABLE = YES;
				IPHONEOS_DEPLOYMENT_TARGET = 14.4;
				MTL_ENABLE_DEBUG_INFO = INCLUDE_SOURCE;
				MTL_FAST_MATH = YES;
				ONLY_ACTIVE_ARCH = YES;
				SDKROOT = iphoneos;
				SWIFT_ACTIVE_COMPILATION_CONDITIONS = DEBUG;
				SWIFT_OPTIMIZATION_LEVEL = "-Onone";
			};
			name = Debug;
		};
		F21B0A6925FB9EE200C55A37 /* Release */ = {
			isa = XCBuildConfiguration;
			buildSettings = {
				ALWAYS_SEARCH_USER_PATHS = NO;
				CLANG_ANALYZER_NONNULL = YES;
				CLANG_ANALYZER_NUMBER_OBJECT_CONVERSION = YES_AGGRESSIVE;
				CLANG_CXX_LANGUAGE_STANDARD = "gnu++14";
				CLANG_CXX_LIBRARY = "libc++";
				CLANG_ENABLE_MODULES = YES;
				CLANG_ENABLE_OBJC_ARC = YES;
				CLANG_ENABLE_OBJC_WEAK = YES;
				CLANG_WARN_BLOCK_CAPTURE_AUTORELEASING = YES;
				CLANG_WARN_BOOL_CONVERSION = YES;
				CLANG_WARN_COMMA = YES;
				CLANG_WARN_CONSTANT_CONVERSION = YES;
				CLANG_WARN_DEPRECATED_OBJC_IMPLEMENTATIONS = YES;
				CLANG_WARN_DIRECT_OBJC_ISA_USAGE = YES_ERROR;
				CLANG_WARN_DOCUMENTATION_COMMENTS = YES;
				CLANG_WARN_EMPTY_BODY = YES;
				CLANG_WARN_ENUM_CONVERSION = YES;
				CLANG_WARN_INFINITE_RECURSION = YES;
				CLANG_WARN_INT_CONVERSION = YES;
				CLANG_WARN_NON_LITERAL_NULL_CONVERSION = YES;
				CLANG_WARN_OBJC_IMPLICIT_RETAIN_SELF = YES;
				CLANG_WARN_OBJC_LITERAL_CONVERSION = YES;
				CLANG_WARN_OBJC_ROOT_CLASS = YES_ERROR;
				CLANG_WARN_QUOTED_INCLUDE_IN_FRAMEWORK_HEADER = YES;
				CLANG_WARN_RANGE_LOOP_ANALYSIS = YES;
				CLANG_WARN_STRICT_PROTOTYPES = YES;
				CLANG_WARN_SUSPICIOUS_MOVE = YES;
				CLANG_WARN_UNGUARDED_AVAILABILITY = YES_AGGRESSIVE;
				CLANG_WARN_UNREACHABLE_CODE = YES;
				CLANG_WARN__DUPLICATE_METHOD_MATCH = YES;
				COPY_PHASE_STRIP = NO;
				DEBUG_INFORMATION_FORMAT = "dwarf-with-dsym";
				ENABLE_NS_ASSERTIONS = NO;
				ENABLE_STRICT_OBJC_MSGSEND = YES;
				GCC_C_LANGUAGE_STANDARD = gnu11;
				GCC_NO_COMMON_BLOCKS = YES;
				GCC_WARN_64_TO_32_BIT_CONVERSION = YES;
				GCC_WARN_ABOUT_RETURN_TYPE = YES_ERROR;
				GCC_WARN_UNDECLARED_SELECTOR = YES;
				GCC_WARN_UNINITIALIZED_AUTOS = YES_AGGRESSIVE;
				GCC_WARN_UNUSED_FUNCTION = YES;
				GCC_WARN_UNUSED_VARIABLE = YES;
				IPHONEOS_DEPLOYMENT_TARGET = 14.4;
				MTL_ENABLE_DEBUG_INFO = NO;
				MTL_FAST_MATH = YES;
				SDKROOT = iphoneos;
				SWIFT_COMPILATION_MODE = wholemodule;
				SWIFT_OPTIMIZATION_LEVEL = "-O";
				VALIDATE_PRODUCT = YES;
			};
			name = Release;
		};
		F21B0A6B25FB9EE200C55A37 /* Debug */ = {
			isa = XCBuildConfiguration;
			buildSettings = {
				ASSETCATALOG_COMPILER_APPICON_NAME = AppIcon;
				ASSETCATALOG_COMPILER_GLOBAL_ACCENT_COLOR_NAME = AccentColor;
				CODE_SIGN_STYLE = Automatic;
				DEVELOPMENT_TEAM = QHVUC3DH44;
				INFOPLIST_FILE = AlarmApp/Info.plist;
				LD_RUNPATH_SEARCH_PATHS = (
					"$(inherited)",
					"@executable_path/Frameworks",
				);
				PRODUCT_BUNDLE_IDENTIFIER = Erkebulan.AlarmApp;
				PRODUCT_NAME = "$(TARGET_NAME)";
				SWIFT_VERSION = 5.0;
				TARGETED_DEVICE_FAMILY = "1,2";
			};
			name = Debug;
		};
		F21B0A6C25FB9EE200C55A37 /* Release */ = {
			isa = XCBuildConfiguration;
			buildSettings = {
				ASSETCATALOG_COMPILER_APPICON_NAME = AppIcon;
				ASSETCATALOG_COMPILER_GLOBAL_ACCENT_COLOR_NAME = AccentColor;
				CODE_SIGN_STYLE = Automatic;
				DEVELOPMENT_TEAM = QHVUC3DH44;
				INFOPLIST_FILE = AlarmApp/Info.plist;
				LD_RUNPATH_SEARCH_PATHS = (
					"$(inherited)",
					"@executable_path/Frameworks",
				);
				PRODUCT_BUNDLE_IDENTIFIER = Erkebulan.AlarmApp;
				PRODUCT_NAME = "$(TARGET_NAME)";
				SWIFT_VERSION = 5.0;
				TARGETED_DEVICE_FAMILY = "1,2";
			};
			name = Release;
		};
/* End XCBuildConfiguration section */

/* Begin XCConfigurationList section */
		F21B0A5125FB9EE000C55A37 /* Build configuration list for PBXProject "AlarmApp" */ = {
			isa = XCConfigurationList;
			buildConfigurations = (
				F21B0A6825FB9EE200C55A37 /* Debug */,
				F21B0A6925FB9EE200C55A37 /* Release */,
			);
			defaultConfigurationIsVisible = 0;
			defaultConfigurationName = Release;
		};
		F21B0A6A25FB9EE200C55A37 /* Build configuration list for PBXNativeTarget "AlarmApp" */ = {
			isa = XCConfigurationList;
			buildConfigurations = (
				F21B0A6B25FB9EE200C55A37 /* Debug */,
				F21B0A6C25FB9EE200C55A37 /* Release */,
			);
			defaultConfigurationIsVisible = 0;
			defaultConfigurationName = Release;
		};
/* End XCConfigurationList section */
	};
	rootObject = F21B0A4E25FB9EE000C55A37 /* Project object */;
}
