// !$*UTF8*$!
{
	archiveVersion = 1;
	classes = {
	};
	objectVersion = 51;
	objects = {

/* Begin PBXBuildFile section */
		60FD098A8313E0BC43E6341C /* Pods_TwitterDemo.framework in Frameworks */ = {isa = PBXBuildFile; fileRef = 9A9CE559C3A9E9192F96EA18 /* Pods_TwitterDemo.framework */; };
		F202D01526295CD900E75EAC /* AllTweetsViewController.swift in Sources */ = {isa = PBXBuildFile; fileRef = F202D01426295CD900E75EAC /* AllTweetsViewController.swift */; };
		F22F4C5A2619DD7C00394758 /* AppDelegate.swift in Sources */ = {isa = PBXBuildFile; fileRef = F22F4C592619DD7C00394758 /* AppDelegate.swift */; };
		F22F4C5C2619DD7C00394758 /* SceneDelegate.swift in Sources */ = {isa = PBXBuildFile; fileRef = F22F4C5B2619DD7C00394758 /* SceneDelegate.swift */; };
		F22F4C612619DD7C00394758 /* Main.storyboard in Resources */ = {isa = PBXBuildFile; fileRef = F22F4C5F2619DD7C00394758 /* Main.storyboard */; };
		F22F4C632619DD7D00394758 /* Assets.xcassets in Resources */ = {isa = PBXBuildFile; fileRef = F22F4C622619DD7D00394758 /* Assets.xcassets */; };
		F22F4C662619DD7D00394758 /* LaunchScreen.storyboard in Resources */ = {isa = PBXBuildFile; fileRef = F22F4C642619DD7D00394758 /* LaunchScreen.storyboard */; };
		F22F4C702619DDA600394758 /* LoginViewController.swift in Sources */ = {isa = PBXBuildFile; fileRef = F22F4C6F2619DDA600394758 /* LoginViewController.swift */; };
		F22F4C732619DF2C00394758 /* RegisterViewController.swift in Sources */ = {isa = PBXBuildFile; fileRef = F22F4C722619DF2C00394758 /* RegisterViewController.swift */; };
		F22F4C762619DF6900394758 /* MainPageViewController.swift in Sources */ = {isa = PBXBuildFile; fileRef = F22F4C752619DF6900394758 /* MainPageViewController.swift */; };
		F22F4C792619EA5700394758 /* GoogleService-Info.plist in Resources */ = {isa = PBXBuildFile; fileRef = F22F4C782619EA5700394758 /* GoogleService-Info.plist */; };
		F2379BF82627485400478CD3 /* FirstPageViewController.swift in Sources */ = {isa = PBXBuildFile; fileRef = F2379BF72627485400478CD3 /* FirstPageViewController.swift */; };
		F26EA5CC2628593C00E1DEEC /* CustomCell.swift in Sources */ = {isa = PBXBuildFile; fileRef = F26EA5CB2628593C00E1DEEC /* CustomCell.swift */; };
		F26EA5CF2628A26600E1DEEC /* EditViewController.swift in Sources */ = {isa = PBXBuildFile; fileRef = F26EA5CE2628A26600E1DEEC /* EditViewController.swift */; };
		F28011C9261CC4A300514D94 /* Tweet.swift in Sources */ = {isa = PBXBuildFile; fileRef = F28011C8261CC4A300514D94 /* Tweet.swift */; };
/* End PBXBuildFile section */

/* Begin PBXFileReference section */
		4826BCF1DD7D1B50C34FE330 /* Pods-TwitterDemo.debug.xcconfig */ = {isa = PBXFileReference; includeInIndex = 1; lastKnownFileType = text.xcconfig; name = "Pods-TwitterDemo.debug.xcconfig"; path = "Target Support Files/Pods-TwitterDemo/Pods-TwitterDemo.debug.xcconfig"; sourceTree = "<group>"; };
		93F7D0DBBDE3B7FFC16F5B42 /* Pods-TwitterDemo.release.xcconfig */ = {isa = PBXFileReference; includeInIndex = 1; lastKnownFileType = text.xcconfig; name = "Pods-TwitterDemo.release.xcconfig"; path = "Target Support Files/Pods-TwitterDemo/Pods-TwitterDemo.release.xcconfig"; sourceTree = "<group>"; };
		9A9CE559C3A9E9192F96EA18 /* Pods_TwitterDemo.framework */ = {isa = PBXFileReference; explicitFileType = wrapper.framework; includeInIndex = 0; path = Pods_TwitterDemo.framework; sourceTree = BUILT_PRODUCTS_DIR; };
		F202D01426295CD900E75EAC /* AllTweetsViewController.swift */ = {isa = PBXFileReference; lastKnownFileType = sourcecode.swift; path = AllTweetsViewController.swift; sourceTree = "<group>"; };
		F22F4C562619DD7C00394758 /* TwitterDemo.app */ = {isa = PBXFileReference; explicitFileType = wrapper.application; includeInIndex = 0; path = TwitterDemo.app; sourceTree = BUILT_PRODUCTS_DIR; };
		F22F4C592619DD7C00394758 /* AppDelegate.swift */ = {isa = PBXFileReference; lastKnownFileType = sourcecode.swift; path = AppDelegate.swift; sourceTree = "<group>"; };
		F22F4C5B2619DD7C00394758 /* SceneDelegate.swift */ = {isa = PBXFileReference; lastKnownFileType = sourcecode.swift; path = SceneDelegate.swift; sourceTree = "<group>"; };
		F22F4C602619DD7C00394758 /* Base */ = {isa = PBXFileReference; lastKnownFileType = file.storyboard; name = Base; path = Base.lproj/Main.storyboard; sourceTree = "<group>"; };
		F22F4C622619DD7D00394758 /* Assets.xcassets */ = {isa = PBXFileReference; lastKnownFileType = folder.assetcatalog; path = Assets.xcassets; sourceTree = "<group>"; };
		F22F4C652619DD7D00394758 /* Base */ = {isa = PBXFileReference; lastKnownFileType = file.storyboard; name = Base; path = Base.lproj/LaunchScreen.storyboard; sourceTree = "<group>"; };
		F22F4C672619DD7D00394758 /* Info.plist */ = {isa = PBXFileReference; lastKnownFileType = text.plist.xml; path = Info.plist; sourceTree = "<group>"; };
		F22F4C6F2619DDA600394758 /* LoginViewController.swift */ = {isa = PBXFileReference; lastKnownFileType = sourcecode.swift; path = LoginViewController.swift; sourceTree = "<group>"; };
		F22F4C722619DF2C00394758 /* RegisterViewController.swift */ = {isa = PBXFileReference; lastKnownFileType = sourcecode.swift; path = RegisterViewController.swift; sourceTree = "<group>"; };
		F22F4C752619DF6900394758 /* MainPageViewController.swift */ = {isa = PBXFileReference; lastKnownFileType = sourcecode.swift; path = MainPageViewController.swift; sourceTree = "<group>"; };
		F22F4C782619EA5700394758 /* GoogleService-Info.plist */ = {isa = PBXFileReference; fileEncoding = 4; lastKnownFileType = text.plist.xml; name = "GoogleService-Info.plist"; path = "../../../Downloads/GoogleService-Info.plist"; sourceTree = "<group>"; };
		F2379BF72627485400478CD3 /* FirstPageViewController.swift */ = {isa = PBXFileReference; lastKnownFileType = sourcecode.swift; path = FirstPageViewController.swift; sourceTree = "<group>"; };
		F26EA5CB2628593C00E1DEEC /* CustomCell.swift */ = {isa = PBXFileReference; lastKnownFileType = sourcecode.swift; path = CustomCell.swift; sourceTree = "<group>"; };
		F26EA5CE2628A26600E1DEEC /* EditViewController.swift */ = {isa = PBXFileReference; lastKnownFileType = sourcecode.swift; path = EditViewController.swift; sourceTree = "<group>"; };
		F28011C8261CC4A300514D94 /* Tweet.swift */ = {isa = PBXFileReference; lastKnownFileType = sourcecode.swift; path = Tweet.swift; sourceTree = "<group>"; };
/* End PBXFileReference section */

/* Begin PBXFrameworksBuildPhase section */
		F22F4C532619DD7C00394758 /* Frameworks */ = {
			isa = PBXFrameworksBuildPhase;
			buildActionMask = 2147483647;
			files = (
				60FD098A8313E0BC43E6341C /* Pods_TwitterDemo.framework in Frameworks */,
			);
			runOnlyForDeploymentPostprocessing = 0;
		};
/* End PBXFrameworksBuildPhase section */

/* Begin PBXGroup section */
		5EE7DEF407D8943550664B2A /* Frameworks */ = {
			isa = PBXGroup;
			children = (
				9A9CE559C3A9E9192F96EA18 /* Pods_TwitterDemo.framework */,
			);
			name = Frameworks;
			sourceTree = "<group>";
		};
		9806344225625570AD74E34F /* Pods */ = {
			isa = PBXGroup;
			children = (
				4826BCF1DD7D1B50C34FE330 /* Pods-TwitterDemo.debug.xcconfig */,
				93F7D0DBBDE3B7FFC16F5B42 /* Pods-TwitterDemo.release.xcconfig */,
			);
			path = Pods;
			sourceTree = "<group>";
		};
		F22F4C4D2619DD7C00394758 = {
			isa = PBXGroup;
			children = (
				F22F4C582619DD7C00394758 /* TwitterDemo */,
				F22F4C572619DD7C00394758 /* Products */,
				9806344225625570AD74E34F /* Pods */,
				5EE7DEF407D8943550664B2A /* Frameworks */,
			);
			sourceTree = "<group>";
		};
		F22F4C572619DD7C00394758 /* Products */ = {
			isa = PBXGroup;
			children = (
				F22F4C562619DD7C00394758 /* TwitterDemo.app */,
			);
			name = Products;
			sourceTree = "<group>";
		};
		F22F4C582619DD7C00394758 /* TwitterDemo */ = {
			isa = PBXGroup;
			children = (
				F2379BFA2627485B00478CD3 /* ViewControllers */,
				F22F4C592619DD7C00394758 /* AppDelegate.swift */,
				F22F4C5B2619DD7C00394758 /* SceneDelegate.swift */,
				F22F4C5F2619DD7C00394758 /* Main.storyboard */,
				F22F4C622619DD7D00394758 /* Assets.xcassets */,
				F22F4C642619DD7D00394758 /* LaunchScreen.storyboard */,
				F22F4C672619DD7D00394758 /* Info.plist */,
				F22F4C782619EA5700394758 /* GoogleService-Info.plist */,
				F28011C8261CC4A300514D94 /* Tweet.swift */,
				F26EA5CB2628593C00E1DEEC /* CustomCell.swift */,
			);
			path = TwitterDemo;
			sourceTree = "<group>";
		};
		F2379BFA2627485B00478CD3 /* ViewControllers */ = {
			isa = PBXGroup;
			children = (
				F2379BF72627485400478CD3 /* FirstPageViewController.swift */,
				F22F4C752619DF6900394758 /* MainPageViewController.swift */,
				F22F4C6F2619DDA600394758 /* LoginViewController.swift */,
				F22F4C722619DF2C00394758 /* RegisterViewController.swift */,
				F26EA5CE2628A26600E1DEEC /* EditViewController.swift */,
				F202D01426295CD900E75EAC /* AllTweetsViewController.swift */,
			);
			path = ViewControllers;
			sourceTree = "<group>";
		};
/* End PBXGroup section */

/* Begin PBXNativeTarget section */
		F22F4C552619DD7C00394758 /* TwitterDemo */ = {
			isa = PBXNativeTarget;
			buildConfigurationList = F22F4C6A2619DD7D00394758 /* Build configuration list for PBXNativeTarget "TwitterDemo" */;
			buildPhases = (
				2F29298C2BEA199ACE7F5E8B /* [CP] Check Pods Manifest.lock */,
				F22F4C522619DD7C00394758 /* Sources */,
				F22F4C532619DD7C00394758 /* Frameworks */,
				F22F4C542619DD7C00394758 /* Resources */,
				50FA558F17A1E2146D227448 /* [CP] Embed Pods Frameworks */,
			);
			buildRules = (
			);
			dependencies = (
			);
			name = TwitterDemo;
			productName = TwitterDemo;
			productReference = F22F4C562619DD7C00394758 /* TwitterDemo.app */;
			productType = "com.apple.product-type.application";
		};
/* End PBXNativeTarget section */

/* Begin PBXProject section */
		F22F4C4E2619DD7C00394758 /* Project object */ = {
			isa = PBXProject;
			attributes = {
				LastSwiftUpdateCheck = 1240;
				LastUpgradeCheck = 1240;
				TargetAttributes = {
					F22F4C552619DD7C00394758 = {
						CreatedOnToolsVersion = 12.4;
					};
				};
			};
			buildConfigurationList = F22F4C512619DD7C00394758 /* Build configuration list for PBXProject "TwitterDemo" */;
			compatibilityVersion = "Xcode 9.3";
			developmentRegion = en;
			hasScannedForEncodings = 0;
			knownRegions = (
				en,
				Base,
			);
			mainGroup = F22F4C4D2619DD7C00394758;
			productRefGroup = F22F4C572619DD7C00394758 /* Products */;
			projectDirPath = "";
			projectRoot = "";
			targets = (
				F22F4C552619DD7C00394758 /* TwitterDemo */,
			);
		};
/* End PBXProject section */

/* Begin PBXResourcesBuildPhase section */
		F22F4C542619DD7C00394758 /* Resources */ = {
			isa = PBXResourcesBuildPhase;
			buildActionMask = 2147483647;
			files = (
				F22F4C662619DD7D00394758 /* LaunchScreen.storyboard in Resources */,
				F22F4C792619EA5700394758 /* GoogleService-Info.plist in Resources */,
				F22F4C632619DD7D00394758 /* Assets.xcassets in Resources */,
				F22F4C612619DD7C00394758 /* Main.storyboard in Resources */,
			);
			runOnlyForDeploymentPostprocessing = 0;
		};
/* End PBXResourcesBuildPhase section */

/* Begin PBXShellScriptBuildPhase section */
		2F29298C2BEA199ACE7F5E8B /* [CP] Check Pods Manifest.lock */ = {
			isa = PBXShellScriptBuildPhase;
			buildActionMask = 2147483647;
			files = (
			);
			inputFileListPaths = (
			);
			inputPaths = (
				"${PODS_PODFILE_DIR_PATH}/Podfile.lock",
				"${PODS_ROOT}/Manifest.lock",
			);
			name = "[CP] Check Pods Manifest.lock";
			outputFileListPaths = (
			);
			outputPaths = (
				"$(DERIVED_FILE_DIR)/Pods-TwitterDemo-checkManifestLockResult.txt",
			);
			runOnlyForDeploymentPostprocessing = 0;
			shellPath = /bin/sh;
			shellScript = "diff \"${PODS_PODFILE_DIR_PATH}/Podfile.lock\" \"${PODS_ROOT}/Manifest.lock\" > /dev/null\nif [ $? != 0 ] ; then\n    # print error to STDERR\n    echo \"error: The sandbox is not in sync with the Podfile.lock. Run 'pod install' or update your CocoaPods installation.\" >&2\n    exit 1\nfi\n# This output is used by Xcode 'outputs' to avoid re-running this script phase.\necho \"SUCCESS\" > \"${SCRIPT_OUTPUT_FILE_0}\"\n";
			showEnvVarsInLog = 0;
		};
		50FA558F17A1E2146D227448 /* [CP] Embed Pods Frameworks */ = {
			isa = PBXShellScriptBuildPhase;
			buildActionMask = 2147483647;
			files = (
			);
			inputFileListPaths = (
				"${PODS_ROOT}/Target Support Files/Pods-TwitterDemo/Pods-TwitterDemo-frameworks-${CONFIGURATION}-input-files.xcfilelist",
			);
			name = "[CP] Embed Pods Frameworks";
			outputFileListPaths = (
				"${PODS_ROOT}/Target Support Files/Pods-TwitterDemo/Pods-TwitterDemo-frameworks-${CONFIGURATION}-output-files.xcfilelist",
			);
			runOnlyForDeploymentPostprocessing = 0;
			shellPath = /bin/sh;
			shellScript = "\"${PODS_ROOT}/Target Support Files/Pods-TwitterDemo/Pods-TwitterDemo-frameworks.sh\"\n";
			showEnvVarsInLog = 0;
		};
/* End PBXShellScriptBuildPhase section */

/* Begin PBXSourcesBuildPhase section */
		F22F4C522619DD7C00394758 /* Sources */ = {
			isa = PBXSourcesBuildPhase;
			buildActionMask = 2147483647;
			files = (
				F22F4C762619DF6900394758 /* MainPageViewController.swift in Sources */,
				F22F4C702619DDA600394758 /* LoginViewController.swift in Sources */,
				F22F4C5A2619DD7C00394758 /* AppDelegate.swift in Sources */,
				F2379BF82627485400478CD3 /* FirstPageViewController.swift in Sources */,
				F28011C9261CC4A300514D94 /* Tweet.swift in Sources */,
				F22F4C5C2619DD7C00394758 /* SceneDelegate.swift in Sources */,
				F202D01526295CD900E75EAC /* AllTweetsViewController.swift in Sources */,
				F26EA5CC2628593C00E1DEEC /* CustomCell.swift in Sources */,
				F22F4C732619DF2C00394758 /* RegisterViewController.swift in Sources */,
				F26EA5CF2628A26600E1DEEC /* EditViewController.swift in Sources */,
			);
			runOnlyForDeploymentPostprocessing = 0;
		};
/* End PBXSourcesBuildPhase section */

/* Begin PBXVariantGroup section */
		F22F4C5F2619DD7C00394758 /* Main.storyboard */ = {
			isa = PBXVariantGroup;
			children = (
				F22F4C602619DD7C00394758 /* Base */,
			);
			name = Main.storyboard;
			sourceTree = "<group>";
		};
		F22F4C642619DD7D00394758 /* LaunchScreen.storyboard */ = {
			isa = PBXVariantGroup;
			children = (
				F22F4C652619DD7D00394758 /* Base */,
			);
			name = LaunchScreen.storyboard;
			sourceTree = "<group>";
		};
/* End PBXVariantGroup section */

/* Begin XCBuildConfiguration section */
		F22F4C682619DD7D00394758 /* Debug */ = {
			isa = XCBuildConfiguration;
			buildSettings = {
				ALWAYS_SEARCH_USER_PATHS = NO;
				CLANG_ANALYZER_NONNULL = YES;
				CLANG_ANALYZER_NUMBER_OBJECT_CONVERSION = YES_AGGRESSIVE;
				CLANG_CXX_LANGUAGE_STANDARD = "gnu++14";
				CLANG_CXX_LIBRARY = "libc++";
				CLANG_ENABLE_MODULES = YES;
				CLANG_ENABLE_OBJC_ARC = YES;
				CLANG_ENABLE_OBJC_WEAK = YES;
				CLANG_WARN_BLOCK_CAPTURE_AUTORELEASING = YES;
				CLANG_WARN_BOOL_CONVERSION = YES;
				CLANG_WARN_COMMA = YES;
				CLANG_WARN_CONSTANT_CONVERSION = YES;
				CLANG_WARN_DEPRECATED_OBJC_IMPLEMENTATIONS = YES;
				CLANG_WARN_DIRECT_OBJC_ISA_USAGE = YES_ERROR;
				CLANG_WARN_DOCUMENTATION_COMMENTS = YES;
				CLANG_WARN_EMPTY_BODY = YES;
				CLANG_WARN_ENUM_CONVERSION = YES;
				CLANG_WARN_INFINITE_RECURSION = YES;
				CLANG_WARN_INT_CONVERSION = YES;
				CLANG_WARN_NON_LITERAL_NULL_CONVERSION = YES;
				CLANG_WARN_OBJC_IMPLICIT_RETAIN_SELF = YES;
				CLANG_WARN_OBJC_LITERAL_CONVERSION = YES;
				CLANG_WARN_OBJC_ROOT_CLASS = YES_ERROR;
				CLANG_WARN_QUOTED_INCLUDE_IN_FRAMEWORK_HEADER = YES;
				CLANG_WARN_RANGE_LOOP_ANALYSIS = YES;
				CLANG_WARN_STRICT_PROTOTYPES = YES;
				CLANG_WARN_SUSPICIOUS_MOVE = YES;
				CLANG_WARN_UNGUARDED_AVAILABILITY = YES_AGGRESSIVE;
				CLANG_WARN_UNREACHABLE_CODE = YES;
				CLANG_WARN__DUPLICATE_METHOD_MATCH = YES;
				COPY_PHASE_STRIP = NO;
				DEBUG_INFORMATION_FORMAT = dwarf;
				ENABLE_STRICT_OBJC_MSGSEND = YES;
				ENABLE_TESTABILITY = YES;
				GCC_C_LANGUAGE_STANDARD = gnu11;
				GCC_DYNAMIC_NO_PIC = NO;
				GCC_NO_COMMON_BLOCKS = YES;
				GCC_OPTIMIZATION_LEVEL = 0;
				GCC_PREPROCESSOR_DEFINITIONS = (
					"DEBUG=1",
					"$(inherited)",
				);
				GCC_WARN_64_TO_32_BIT_CONVERSION = YES;
				GCC_WARN_ABOUT_RETURN_TYPE = YES_ERROR;
				GCC_WARN_UNDECLARED_SELECTOR = YES;
				GCC_WARN_UNINITIALIZED_AUTOS = YES_AGGRESSIVE;
				GCC_WARN_UNUSED_FUNCTION = YES;
				GCC_WARN_UNUSED_VARIABLE = YES;
				IPHONEOS_DEPLOYMENT_TARGET = 14.4;
				MTL_ENABLE_DEBUG_INFO = INCLUDE_SOURCE;
				MTL_FAST_MATH = YES;
				ONLY_ACTIVE_ARCH = YES;
				SDKROOT = iphoneos;
				SWIFT_ACTIVE_COMPILATION_CONDITIONS = DEBUG;
				SWIFT_OPTIMIZATION_LEVEL = "-Onone";
			};
			name = Debug;
		};
		F22F4C692619DD7D00394758 /* Release */ = {
			isa = XCBuildConfiguration;
			buildSettings = {
				ALWAYS_SEARCH_USER_PATHS = NO;
				CLANG_ANALYZER_NONNULL = YES;
				CLANG_ANALYZER_NUMBER_OBJECT_CONVERSION = YES_AGGRESSIVE;
				CLANG_CXX_LANGUAGE_STANDARD = "gnu++14";
				CLANG_CXX_LIBRARY = "libc++";
				CLANG_ENABLE_MODULES = YES;
				CLANG_ENABLE_OBJC_ARC = YES;
				CLANG_ENABLE_OBJC_WEAK = YES;
				CLANG_WARN_BLOCK_CAPTURE_AUTORELEASING = YES;
				CLANG_WARN_BOOL_CONVERSION = YES;
				CLANG_WARN_COMMA = YES;
				CLANG_WARN_CONSTANT_CONVERSION = YES;
				CLANG_WARN_DEPRECATED_OBJC_IMPLEMENTATIONS = YES;
				CLANG_WARN_DIRECT_OBJC_ISA_USAGE = YES_ERROR;
				CLANG_WARN_DOCUMENTATION_COMMENTS = YES;
				CLANG_WARN_EMPTY_BODY = YES;
				CLANG_WARN_ENUM_CONVERSION = YES;
				CLANG_WARN_INFINITE_RECURSION = YES;
				CLANG_WARN_INT_CONVERSION = YES;
				CLANG_WARN_NON_LITERAL_NULL_CONVERSION = YES;
				CLANG_WARN_OBJC_IMPLICIT_RETAIN_SELF = YES;
				CLANG_WARN_OBJC_LITERAL_CONVERSION = YES;
				CLANG_WARN_OBJC_ROOT_CLASS = YES_ERROR;
				CLANG_WARN_QUOTED_INCLUDE_IN_FRAMEWORK_HEADER = YES;
				CLANG_WARN_RANGE_LOOP_ANALYSIS = YES;
				CLANG_WARN_STRICT_PROTOTYPES = YES;
				CLANG_WARN_SUSPICIOUS_MOVE = YES;
				CLANG_WARN_UNGUARDED_AVAILABILITY = YES_AGGRESSIVE;
				CLANG_WARN_UNREACHABLE_CODE = YES;
				CLANG_WARN__DUPLICATE_METHOD_MATCH = YES;
				COPY_PHASE_STRIP = NO;
				DEBUG_INFORMATION_FORMAT = "dwarf-with-dsym";
				ENABLE_NS_ASSERTIONS = NO;
				ENABLE_STRICT_OBJC_MSGSEND = YES;
				GCC_C_LANGUAGE_STANDARD = gnu11;
				GCC_NO_COMMON_BLOCKS = YES;
				GCC_WARN_64_TO_32_BIT_CONVERSION = YES;
				GCC_WARN_ABOUT_RETURN_TYPE = YES_ERROR;
				GCC_WARN_UNDECLARED_SELECTOR = YES;
				GCC_WARN_UNINITIALIZED_AUTOS = YES_AGGRESSIVE;
				GCC_WARN_UNUSED_FUNCTION = YES;
				GCC_WARN_UNUSED_VARIABLE = YES;
				IPHONEOS_DEPLOYMENT_TARGET = 14.4;
				MTL_ENABLE_DEBUG_INFO = NO;
				MTL_FAST_MATH = YES;
				SDKROOT = iphoneos;
				SWIFT_COMPILATION_MODE = wholemodule;
				SWIFT_OPTIMIZATION_LEVEL = "-O";
				VALIDATE_PRODUCT = YES;
			};
			name = Release;
		};
		F22F4C6B2619DD7D00394758 /* Debug */ = {
			isa = XCBuildConfiguration;
			baseConfigurationReference = 4826BCF1DD7D1B50C34FE330 /* Pods-TwitterDemo.debug.xcconfig */;
			buildSettings = {
				ASSETCATALOG_COMPILER_APPICON_NAME = AppIcon;
				ASSETCATALOG_COMPILER_GLOBAL_ACCENT_COLOR_NAME = AccentColor;
				CODE_SIGN_STYLE = Automatic;
				DEVELOPMENT_TEAM = QHVUC3DH44;
				INFOPLIST_FILE = TwitterDemo/Info.plist;
				LD_RUNPATH_SEARCH_PATHS = (
					"$(inherited)",
					"@executable_path/Frameworks",
				);
				PRODUCT_BUNDLE_IDENTIFIER = Erkebulan.TwitterDemo;
				PRODUCT_NAME = "$(TARGET_NAME)";
				SWIFT_VERSION = 5.0;
				TARGETED_DEVICE_FAMILY = "1,2";
			};
			name = Debug;
		};
		F22F4C6C2619DD7D00394758 /* Release */ = {
			isa = XCBuildConfiguration;
			baseConfigurationReference = 93F7D0DBBDE3B7FFC16F5B42 /* Pods-TwitterDemo.release.xcconfig */;
			buildSettings = {
				ASSETCATALOG_COMPILER_APPICON_NAME = AppIcon;
				ASSETCATALOG_COMPILER_GLOBAL_ACCENT_COLOR_NAME = AccentColor;
				CODE_SIGN_STYLE = Automatic;
				DEVELOPMENT_TEAM = QHVUC3DH44;
				INFOPLIST_FILE = TwitterDemo/Info.plist;
				LD_RUNPATH_SEARCH_PATHS = (
					"$(inherited)",
					"@executable_path/Frameworks",
				);
				PRODUCT_BUNDLE_IDENTIFIER = Erkebulan.TwitterDemo;
				PRODUCT_NAME = "$(TARGET_NAME)";
				SWIFT_VERSION = 5.0;
				TARGETED_DEVICE_FAMILY = "1,2";
			};
			name = Release;
		};
/* End XCBuildConfiguration section */

/* Begin XCConfigurationList section */
		F22F4C512619DD7C00394758 /* Build configuration list for PBXProject "TwitterDemo" */ = {
			isa = XCConfigurationList;
			buildConfigurations = (
				F22F4C682619DD7D00394758 /* Debug */,
				F22F4C692619DD7D00394758 /* Release */,
			);
			defaultConfigurationIsVisible = 0;
			defaultConfigurationName = Release;
		};
		F22F4C6A2619DD7D00394758 /* Build configuration list for PBXNativeTarget "TwitterDemo" */ = {
			isa = XCConfigurationList;
			buildConfigurations = (
				F22F4C6B2619DD7D00394758 /* Debug */,
				F22F4C6C2619DD7D00394758 /* Release */,
			);
			defaultConfigurationIsVisible = 0;
			defaultConfigurationName = Release;
		};
/* End XCConfigurationList section */
	};
	rootObject = F22F4C4E2619DD7C00394758 /* Project object */;
}
